
Microsoft Visual Studio Solution File, Format Version 12.00
# Visual Studio Version 17
VisualStudioVersion = 17.7.34024.191
MinimumVisualStudioVersion = 10.0.40219.1
Project("{FAE04EC0-301F-11D3-BF4B-00C04F79EFBC}") = "ShapesInheritance", "ShapesInheritance\ShapesInheritance.csproj", "{1091A4E8-B116-484A-8C29-DD9FA0538662}"
EndProject
Project("{FAE04EC0-301F-11D3-BF4B-00C04F79EFBC}") = "ShapesAggregation", "ShapesAggregation\ShapesAggregation.csproj", "{CA3D38AC-2583-433F-BBBA-16128456E182}"
EndProject
Global
	GlobalSection(SolutionConfigurationPlatforms) = preSolution
		Debug|Any CPU = Debug|Any CPU
		Release|Any CPU = Release|Any CPU
	EndGlobalSection
	GlobalSection(ProjectConfigurationPlatforms) = postSolution
		{1091A4E8-B116-484A-8C29-DD9FA0538662}.Debug|Any CPU.ActiveCfg = Debug|Any CPU
		{1091A4E8-B116-484A-8C29-DD9FA0538662}.Debug|Any CPU.Build.0 = Debug|Any CPU
		{1091A4E8-B116-484A-8C29-DD9FA0538662}.Release|Any CPU.ActiveCfg = Release|Any CPU
		{1091A4E8-B116-484A-8C29-DD9FA0538662}.Release|Any CPU.Build.0 = Release|Any CPU
		{CA3D38AC-2583-433F-BBBA-16128456E182}.Debug|Any CPU.ActiveCfg = Debug|Any CPU
		{CA3D38AC-2583-433F-BBBA-16128456E182}.Debug|Any CPU.Build.0 = Debug|Any CPU
		{CA3D38AC-2583-433F-BBBA-16128456E182}.Release|Any CPU.ActiveCfg = Release|Any CPU
		{CA3D38AC-2583-433F-BBBA-16128456E182}.Release|Any CPU.Build.0 = Release|Any CPU
	EndGlobalSection
	GlobalSection(SolutionProperties) = preSolution
		HideSolutionNode = FALSE
	EndGlobalSection
	GlobalSection(ExtensibilityGlobals) = postSolution
		SolutionGuid = {4F52E09A-2304-47AD-AA77-F51DADC1C005}
	EndGlobalSection
EndGlobal
